
Microsoft Visual Studio Solution File, Format Version 12.00
# Visual Studio Version 17
VisualStudioVersion = 17.6.33801.468
MinimumVisualStudioVersion = 10.0.40219.1
Project("{9A19103F-16F7-4668-BE54-9A1E7A4F7556}") = "LeetCode", "AlgorithmsDataStructures\LeetCode.csproj", "{BA376A0D-A87F-4225-ADA5-11A61F4A76C7}"
EndProject
Global
	GlobalSection(SolutionConfigurationPlatforms) = preSolution
		Debug|Any CPU = Debug|Any CPU
		Release|Any CPU = Release|Any CPU
	EndGlobalSection
	GlobalSection(ProjectConfigurationPlatforms) = postSolution
		{BA376A0D-A87F-4225-ADA5-11A61F4A76C7}.Debug|Any CPU.ActiveCfg = Debug|Any CPU
		{BA376A0D-A87F-4225-ADA5-11A61F4A76C7}.Debug|Any CPU.Build.0 = Debug|Any CPU
		{BA376A0D-A87F-4225-ADA5-11A61F4A76C7}.Release|Any CPU.ActiveCfg = Release|Any CPU
		{BA376A0D-A87F-4225-ADA5-11A61F4A76C7}.Release|Any CPU.Build.0 = Release|Any CPU
	EndGlobalSection
	GlobalSection(SolutionProperties) = preSolution
		HideSolutionNode = FALSE
	EndGlobalSection
	GlobalSection(ExtensibilityGlobals) = postSolution
		SolutionGuid = {C5334590-263E-4B1F-94ED-61CED11B3FD3}
	EndGlobalSection
EndGlobal
